// !$*UTF8*$!
{
	archiveVersion = 1;
	classes = {
	};
	objectVersion = 46;
	objects = {

/* Begin PBXBuildFile section */
		515B359C199047D70079004F /* WebViewController.m in Sources */ = {isa = PBXBuildFile; fileRef = 515B359B199047D70079004F /* WebViewController.m */; };
		51A928AB19900284008B1D6D /* Foundation.framework in Frameworks */ = {isa = PBXBuildFile; fileRef = 51A928AA19900284008B1D6D /* Foundation.framework */; };
		51A928AD19900284008B1D6D /* CoreGraphics.framework in Frameworks */ = {isa = PBXBuildFile; fileRef = 51A928AC19900284008B1D6D /* CoreGraphics.framework */; };
		51A928AF19900284008B1D6D /* UIKit.framework in Frameworks */ = {isa = PBXBuildFile; fileRef = 51A928AE19900284008B1D6D /* UIKit.framework */; };
		51A928B519900284008B1D6D /* InfoPlist.strings in Resources */ = {isa = PBXBuildFile; fileRef = 51A928B319900284008B1D6D /* InfoPlist.strings */; };
		51A928B719900284008B1D6D /* main.m in Sources */ = {isa = PBXBuildFile; fileRef = 51A928B619900284008B1D6D /* main.m */; };
		51A928BB19900284008B1D6D /* AppDelegate.m in Sources */ = {isa = PBXBuildFile; fileRef = 51A928BA19900284008B1D6D /* AppDelegate.m */; };
		51A928BE19900284008B1D6D /* Main.storyboard in Resources */ = {isa = PBXBuildFile; fileRef = 51A928BC19900284008B1D6D /* Main.storyboard */; };
		51A928C119900284008B1D6D /* ViewController.m in Sources */ = {isa = PBXBuildFile; fileRef = 51A928C019900284008B1D6D /* ViewController.m */; };
		51A928C319900284008B1D6D /* Images.xcassets in Resources */ = {isa = PBXBuildFile; fileRef = 51A928C219900284008B1D6D /* Images.xcassets */; };
		51A928CA19900284008B1D6D /* XCTest.framework in Frameworks */ = {isa = PBXBuildFile; fileRef = 51A928C919900284008B1D6D /* XCTest.framework */; };
		51A928CB19900284008B1D6D /* Foundation.framework in Frameworks */ = {isa = PBXBuildFile; fileRef = 51A928AA19900284008B1D6D /* Foundation.framework */; };
		51A928CC19900284008B1D6D /* UIKit.framework in Frameworks */ = {isa = PBXBuildFile; fileRef = 51A928AE19900284008B1D6D /* UIKit.framework */; };
		51A928D419900284008B1D6D /* InfoPlist.strings in Resources */ = {isa = PBXBuildFile; fileRef = 51A928D219900284008B1D6D /* InfoPlist.strings */; };
		51A928D619900284008B1D6D /* MeetMeUpTests.m in Sources */ = {isa = PBXBuildFile; fileRef = 51A928D519900284008B1D6D /* MeetMeUpTests.m */; };
		51A928E019900362008B1D6D /* CheckMate.framework in Frameworks */ = {isa = PBXBuildFile; fileRef = 51A928DF19900362008B1D6D /* CheckMate.framework */; };
		51A928E319901F76008B1D6D /* DetailViewController.m in Sources */ = {isa = PBXBuildFile; fileRef = 51A928E219901F76008B1D6D /* DetailViewController.m */; };
/* End PBXBuildFile section */

/* Begin PBXContainerItemProxy section */
		51A928CD19900284008B1D6D /* PBXContainerItemProxy */ = {
			isa = PBXContainerItemProxy;
			containerPortal = 51A9289F19900284008B1D6D /* Project object */;
			proxyType = 1;
			remoteGlobalIDString = 51A928A619900284008B1D6D;
			remoteInfo = MeetMeUp;
		};
/* End PBXContainerItemProxy section */

/* Begin PBXFileReference section */
		515B359A199047D70079004F /* WebViewController.h */ = {isa = PBXFileReference; fileEncoding = 4; lastKnownFileType = sourcecode.c.h; name = WebViewController.h; path = ../WebViewController.h; sourceTree = "<group>"; };
		515B359B199047D70079004F /* WebViewController.m */ = {isa = PBXFileReference; fileEncoding = 4; lastKnownFileType = sourcecode.c.objc; name = WebViewController.m; path = ../WebViewController.m; sourceTree = "<group>"; };
		51A928A719900284008B1D6D /* MeetMeUp.app */ = {isa = PBXFileReference; explicitFileType = wrapper.application; includeInIndex = 0; path = MeetMeUp.app; sourceTree = BUILT_PRODUCTS_DIR; };
		51A928AA19900284008B1D6D /* Foundation.framework */ = {isa = PBXFileReference; lastKnownFileType = wrapper.framework; name = Foundation.framework; path = System/Library/Frameworks/Foundation.framework; sourceTree = SDKROOT; };
		51A928AC19900284008B1D6D /* CoreGraphics.framework */ = {isa = PBXFileReference; lastKnownFileType = wrapper.framework; name = CoreGraphics.framework; path = System/Library/Frameworks/CoreGraphics.framework; sourceTree = SDKROOT; };
		51A928AE19900284008B1D6D /* UIKit.framework */ = {isa = PBXFileReference; lastKnownFileType = wrapper.framework; name = UIKit.framework; path = System/Library/Frameworks/UIKit.framework; sourceTree = SDKROOT; };
		51A928B219900284008B1D6D /* MeetMeUp-Info.plist */ = {isa = PBXFileReference; lastKnownFileType = text.plist.xml; path = "MeetMeUp-Info.plist"; sourceTree = "<group>"; };
		51A928B419900284008B1D6D /* en */ = {isa = PBXFileReference; lastKnownFileType = text.plist.strings; name = en; path = en.lproj/InfoPlist.strings; sourceTree = "<group>"; };
		51A928B619900284008B1D6D /* main.m */ = {isa = PBXFileReference; lastKnownFileType = sourcecode.c.objc; path = main.m; sourceTree = "<group>"; };
		51A928B819900284008B1D6D /* MeetMeUp-Prefix.pch */ = {isa = PBXFileReference; lastKnownFileType = sourcecode.c.h; path = "MeetMeUp-Prefix.pch"; sourceTree = "<group>"; };
		51A928B919900284008B1D6D /* AppDelegate.h */ = {isa = PBXFileReference; lastKnownFileType = sourcecode.c.h; path = AppDelegate.h; sourceTree = "<group>"; };
		51A928BA19900284008B1D6D /* AppDelegate.m */ = {isa = PBXFileReference; lastKnownFileType = sourcecode.c.objc; path = AppDelegate.m; sourceTree = "<group>"; };
		51A928BD19900284008B1D6D /* Base */ = {isa = PBXFileReference; lastKnownFileType = file.storyboard; name = Base; path = Base.lproj/Main.storyboard; sourceTree = "<group>"; };
		51A928BF19900284008B1D6D /* ViewController.h */ = {isa = PBXFileReference; lastKnownFileType = sourcecode.c.h; path = ViewController.h; sourceTree = "<group>"; };
		51A928C019900284008B1D6D /* ViewController.m */ = {isa = PBXFileReference; lastKnownFileType = sourcecode.c.objc; path = ViewController.m; sourceTree = "<group>"; };
		51A928C219900284008B1D6D /* Images.xcassets */ = {isa = PBXFileReference; lastKnownFileType = folder.assetcatalog; path = Images.xcassets; sourceTree = "<group>"; };
		51A928C819900284008B1D6D /* MeetMeUpTests.xctest */ = {isa = PBXFileReference; explicitFileType = wrapper.cfbundle; includeInIndex = 0; path = MeetMeUpTests.xctest; sourceTree = BUILT_PRODUCTS_DIR; };
		51A928C919900284008B1D6D /* XCTest.framework */ = {isa = PBXFileReference; lastKnownFileType = wrapper.framework; name = XCTest.framework; path = Library/Frameworks/XCTest.framework; sourceTree = DEVELOPER_DIR; };
		51A928D119900284008B1D6D /* MeetMeUpTests-Info.plist */ = {isa = PBXFileReference; lastKnownFileType = text.plist.xml; path = "MeetMeUpTests-Info.plist"; sourceTree = "<group>"; };
		51A928D319900284008B1D6D /* en */ = {isa = PBXFileReference; lastKnownFileType = text.plist.strings; name = en; path = en.lproj/InfoPlist.strings; sourceTree = "<group>"; };
		51A928D519900284008B1D6D /* MeetMeUpTests.m */ = {isa = PBXFileReference; lastKnownFileType = sourcecode.c.objc; path = MeetMeUpTests.m; sourceTree = "<group>"; };
		51A928DF19900362008B1D6D /* CheckMate.framework */ = {isa = PBXFileReference; lastKnownFileType = wrapper.framework; path = CheckMate.framework; sourceTree = "<group>"; };
		51A928E119901F76008B1D6D /* DetailViewController.h */ = {isa = PBXFileReference; fileEncoding = 4; lastKnownFileType = sourcecode.c.h; name = DetailViewController.h; path = ../DetailViewController.h; sourceTree = "<group>"; };
		51A928E219901F76008B1D6D /* DetailViewController.m */ = {isa = PBXFileReference; fileEncoding = 4; lastKnownFileType = sourcecode.c.objc; name = DetailViewController.m; path = ../DetailViewController.m; sourceTree = "<group>"; };
/* End PBXFileReference section */

/* Begin PBXFrameworksBuildPhase section */
		51A928A419900284008B1D6D /* Frameworks */ = {
			isa = PBXFrameworksBuildPhase;
			buildActionMask = 2147483647;
			files = (
				51A928E019900362008B1D6D /* CheckMate.framework in Frameworks */,
				51A928AD19900284008B1D6D /* CoreGraphics.framework in Frameworks */,
				51A928AF19900284008B1D6D /* UIKit.framework in Frameworks */,
				51A928AB19900284008B1D6D /* Foundation.framework in Frameworks */,
			);
			runOnlyForDeploymentPostprocessing = 0;
		};
		51A928C519900284008B1D6D /* Frameworks */ = {
			isa = PBXFrameworksBuildPhase;
			buildActionMask = 2147483647;
			files = (
				51A928CA19900284008B1D6D /* XCTest.framework in Frameworks */,
				51A928CC19900284008B1D6D /* UIKit.framework in Frameworks */,
				51A928CB19900284008B1D6D /* Foundation.framework in Frameworks */,
			);
			runOnlyForDeploymentPostprocessing = 0;
		};
/* End PBXFrameworksBuildPhase section */

/* Begin PBXGroup section */
		51A9289E19900284008B1D6D = {
			isa = PBXGroup;
			children = (
				51A928B019900284008B1D6D /* MeetMeUp */,
				51A928CF19900284008B1D6D /* MeetMeUpTests */,
				51A928A919900284008B1D6D /* Frameworks */,
				51A928A819900284008B1D6D /* Products */,
			);
			sourceTree = "<group>";
		};
		51A928A819900284008B1D6D /* Products */ = {
			isa = PBXGroup;
			children = (
				51A928A719900284008B1D6D /* MeetMeUp.app */,
				51A928C819900284008B1D6D /* MeetMeUpTests.xctest */,
			);
			name = Products;
			sourceTree = "<group>";
		};
		51A928A919900284008B1D6D /* Frameworks */ = {
			isa = PBXGroup;
			children = (
				51A928DF19900362008B1D6D /* CheckMate.framework */,
				51A928AA19900284008B1D6D /* Foundation.framework */,
				51A928AC19900284008B1D6D /* CoreGraphics.framework */,
				51A928AE19900284008B1D6D /* UIKit.framework */,
				51A928C919900284008B1D6D /* XCTest.framework */,
			);
			name = Frameworks;
			sourceTree = "<group>";
		};
		51A928B019900284008B1D6D /* MeetMeUp */ = {
			isa = PBXGroup;
			children = (
				51A928B919900284008B1D6D /* AppDelegate.h */,
				51A928BA19900284008B1D6D /* AppDelegate.m */,
				51A928BC19900284008B1D6D /* Main.storyboard */,
				51A928BF19900284008B1D6D /* ViewController.h */,
				51A928C019900284008B1D6D /* ViewController.m */,
				51A928E119901F76008B1D6D /* DetailViewController.h */,
				51A928E219901F76008B1D6D /* DetailViewController.m */,
				515B359A199047D70079004F /* WebViewController.h */,
				515B359B199047D70079004F /* WebViewController.m */,
				51A928C219900284008B1D6D /* Images.xcassets */,
				51A928B119900284008B1D6D /* Supporting Files */,
			);
			path = MeetMeUp;
			sourceTree = "<group>";
		};
		51A928B119900284008B1D6D /* Supporting Files */ = {
			isa = PBXGroup;
			children = (
				51A928B219900284008B1D6D /* MeetMeUp-Info.plist */,
				51A928B319900284008B1D6D /* InfoPlist.strings */,
				51A928B619900284008B1D6D /* main.m */,
				51A928B819900284008B1D6D /* MeetMeUp-Prefix.pch */,
			);
			name = "Supporting Files";
			sourceTree = "<group>";
		};
		51A928CF19900284008B1D6D /* MeetMeUpTests */ = {
			isa = PBXGroup;
			children = (
				51A928D519900284008B1D6D /* MeetMeUpTests.m */,
				51A928D019900284008B1D6D /* Supporting Files */,
			);
			path = MeetMeUpTests;
			sourceTree = "<group>";
		};
		51A928D019900284008B1D6D /* Supporting Files */ = {
			isa = PBXGroup;
			children = (
				51A928D119900284008B1D6D /* MeetMeUpTests-Info.plist */,
				51A928D219900284008B1D6D /* InfoPlist.strings */,
			);
			name = "Supporting Files";
			sourceTree = "<group>";
		};
/* End PBXGroup section */

/* Begin PBXNativeTarget section */
		51A928A619900284008B1D6D /* MeetMeUp */ = {
			isa = PBXNativeTarget;
			buildConfigurationList = 51A928D919900284008B1D6D /* Build configuration list for PBXNativeTarget "MeetMeUp" */;
			buildPhases = (
				51A928A319900284008B1D6D /* Sources */,
				51A928A419900284008B1D6D /* Frameworks */,
				51A928A519900284008B1D6D /* Resources */,
			);
			buildRules = (
			);
			dependencies = (
			);
			name = MeetMeUp;
			productName = MeetMeUp;
			productReference = 51A928A719900284008B1D6D /* MeetMeUp.app */;
			productType = "com.apple.product-type.application";
		};
		51A928C719900284008B1D6D /* MeetMeUpTests */ = {
			isa = PBXNativeTarget;
			buildConfigurationList = 51A928DC19900284008B1D6D /* Build configuration list for PBXNativeTarget "MeetMeUpTests" */;
			buildPhases = (
				51A928C419900284008B1D6D /* Sources */,
				51A928C519900284008B1D6D /* Frameworks */,
				51A928C619900284008B1D6D /* Resources */,
			);
			buildRules = (
			);
			dependencies = (
				51A928CE19900284008B1D6D /* PBXTargetDependency */,
			);
			name = MeetMeUpTests;
			productName = MeetMeUpTests;
			productReference = 51A928C819900284008B1D6D /* MeetMeUpTests.xctest */;
			productType = "com.apple.product-type.bundle.unit-test";
		};
/* End PBXNativeTarget section */

/* Begin PBXProject section */
		51A9289F19900284008B1D6D /* Project object */ = {
			isa = PBXProject;
			attributes = {
				LastUpgradeCheck = 0510;
				ORGANIZATIONNAME = MM;
				TargetAttributes = {
					51A928C719900284008B1D6D = {
						TestTargetID = 51A928A619900284008B1D6D;
					};
				};
			};
			buildConfigurationList = 51A928A219900284008B1D6D /* Build configuration list for PBXProject "MeetMeUp" */;
			compatibilityVersion = "Xcode 3.2";
			developmentRegion = English;
			hasScannedForEncodings = 0;
			knownRegions = (
				en,
				Base,
			);
			mainGroup = 51A9289E19900284008B1D6D;
			productRefGroup = 51A928A819900284008B1D6D /* Products */;
			projectDirPath = "";
			projectRoot = "";
			targets = (
				51A928A619900284008B1D6D /* MeetMeUp */,
				51A928C719900284008B1D6D /* MeetMeUpTests */,
			);
		};
/* End PBXProject section */

/* Begin PBXResourcesBuildPhase section */
		51A928A519900284008B1D6D /* Resources */ = {
			isa = PBXResourcesBuildPhase;
			buildActionMask = 2147483647;
			files = (
				51A928C319900284008B1D6D /* Images.xcassets in Resources */,
				51A928B519900284008B1D6D /* InfoPlist.strings in Resources */,
				51A928BE19900284008B1D6D /* Main.storyboard in Resources */,
			);
			runOnlyForDeploymentPostprocessing = 0;
		};
		51A928C619900284008B1D6D /* Resources */ = {
			isa = PBXResourcesBuildPhase;
			buildActionMask = 2147483647;
			files = (
				51A928D419900284008B1D6D /* InfoPlist.strings in Resources */,
			);
			runOnlyForDeploymentPostprocessing = 0;
		};
/* End PBXResourcesBuildPhase section */

/* Begin PBXSourcesBuildPhase section */
		51A928A319900284008B1D6D /* Sources */ = {
			isa = PBXSourcesBuildPhase;
			buildActionMask = 2147483647;
			files = (
				51A928C119900284008B1D6D /* ViewController.m in Sources */,
				515B359C199047D70079004F /* WebViewController.m in Sources */,
				51A928BB19900284008B1D6D /* AppDelegate.m in Sources */,
				51A928B719900284008B1D6D /* main.m in Sources */,
				51A928E319901F76008B1D6D /* DetailViewController.m in Sources */,
			);
			runOnlyForDeploymentPostprocessing = 0;
		};
		51A928C419900284008B1D6D /* Sources */ = {
			isa = PBXSourcesBuildPhase;
			buildActionMask = 2147483647;
			files = (
				51A928D619900284008B1D6D /* MeetMeUpTests.m in Sources */,
			);
			runOnlyForDeploymentPostprocessing = 0;
		};
/* End PBXSourcesBuildPhase section */

/* Begin PBXTargetDependency section */
		51A928CE19900284008B1D6D /* PBXTargetDependency */ = {
			isa = PBXTargetDependency;
			target = 51A928A619900284008B1D6D /* MeetMeUp */;
			targetProxy = 51A928CD19900284008B1D6D /* PBXContainerItemProxy */;
		};
/* End PBXTargetDependency section */

/* Begin PBXVariantGroup section */
		51A928B319900284008B1D6D /* InfoPlist.strings */ = {
			isa = PBXVariantGroup;
			children = (
				51A928B419900284008B1D6D /* en */,
			);
			name = InfoPlist.strings;
			sourceTree = "<group>";
		};
		51A928BC19900284008B1D6D /* Main.storyboard */ = {
			isa = PBXVariantGroup;
			children = (
				51A928BD19900284008B1D6D /* Base */,
			);
			name = Main.storyboard;
			sourceTree = "<group>";
		};
		51A928D219900284008B1D6D /* InfoPlist.strings */ = {
			isa = PBXVariantGroup;
			children = (
				51A928D319900284008B1D6D /* en */,
			);
			name = InfoPlist.strings;
			sourceTree = "<group>";
		};
/* End PBXVariantGroup section */

/* Begin XCBuildConfiguration section */
		51A928D719900284008B1D6D /* Debug */ = {
			isa = XCBuildConfiguration;
			buildSettings = {
				ALWAYS_SEARCH_USER_PATHS = NO;
				CLANG_CXX_LANGUAGE_STANDARD = "gnu++0x";
				CLANG_CXX_LIBRARY = "libc++";
				CLANG_ENABLE_MODULES = YES;
				CLANG_ENABLE_OBJC_ARC = YES;
				CLANG_WARN_BOOL_CONVERSION = YES;
				CLANG_WARN_CONSTANT_CONVERSION = YES;
				CLANG_WARN_DIRECT_OBJC_ISA_USAGE = YES_ERROR;
				CLANG_WARN_EMPTY_BODY = YES;
				CLANG_WARN_ENUM_CONVERSION = YES;
				CLANG_WARN_INT_CONVERSION = YES;
				CLANG_WARN_OBJC_ROOT_CLASS = YES_ERROR;
				CLANG_WARN__DUPLICATE_METHOD_MATCH = YES;
				"CODE_SIGN_IDENTITY[sdk=iphoneos*]" = "iPhone Developer";
				COPY_PHASE_STRIP = NO;
				GCC_C_LANGUAGE_STANDARD = gnu99;
				GCC_DYNAMIC_NO_PIC = NO;
				GCC_OPTIMIZATION_LEVEL = 0;
				GCC_PREPROCESSOR_DEFINITIONS = (
					"DEBUG=1",
					"$(inherited)",
				);
				GCC_SYMBOLS_PRIVATE_EXTERN = NO;
				GCC_WARN_64_TO_32_BIT_CONVERSION = YES;
				GCC_WARN_ABOUT_RETURN_TYPE = YES_ERROR;
				GCC_WARN_UNDECLARED_SELECTOR = YES;
				GCC_WARN_UNINITIALIZED_AUTOS = YES_AGGRESSIVE;
				GCC_WARN_UNUSED_FUNCTION = YES;
				GCC_WARN_UNUSED_VARIABLE = YES;
				IPHONEOS_DEPLOYMENT_TARGET = 7.1;
				ONLY_ACTIVE_ARCH = YES;
				SDKROOT = iphoneos;
			};
			name = Debug;
		};
		51A928D819900284008B1D6D /* Release */ = {
			isa = XCBuildConfiguration;
			buildSettings = {
				ALWAYS_SEARCH_USER_PATHS = NO;
				CLANG_CXX_LANGUAGE_STANDARD = "gnu++0x";
				CLANG_CXX_LIBRARY = "libc++";
				CLANG_ENABLE_MODULES = YES;
				CLANG_ENABLE_OBJC_ARC = YES;
				CLANG_WARN_BOOL_CONVERSION = YES;
				CLANG_WARN_CONSTANT_CONVERSION = YES;
				CLANG_WARN_DIRECT_OBJC_ISA_USAGE = YES_ERROR;
				CLANG_WARN_EMPTY_BODY = YES;
				CLANG_WARN_ENUM_CONVERSION = YES;
				CLANG_WARN_INT_CONVERSION = YES;
				CLANG_WARN_OBJC_ROOT_CLASS = YES_ERROR;
				CLANG_WARN__DUPLICATE_METHOD_MATCH = YES;
				"CODE_SIGN_IDENTITY[sdk=iphoneos*]" = "iPhone Developer";
				COPY_PHASE_STRIP = YES;
				ENABLE_NS_ASSERTIONS = NO;
				GCC_C_LANGUAGE_STANDARD = gnu99;
				GCC_WARN_64_TO_32_BIT_CONVERSION = YES;
				GCC_WARN_ABOUT_RETURN_TYPE = YES_ERROR;
				GCC_WARN_UNDECLARED_SELECTOR = YES;
				GCC_WARN_UNINITIALIZED_AUTOS = YES_AGGRESSIVE;
				GCC_WARN_UNUSED_FUNCTION = YES;
				GCC_WARN_UNUSED_VARIABLE = YES;
				IPHONEOS_DEPLOYMENT_TARGET = 7.1;
				SDKROOT = iphoneos;
				VALIDATE_PRODUCT = YES;
			};
			name = Release;
		};
		51A928DA19900284008B1D6D /* Debug */ = {
			isa = XCBuildConfiguration;
			buildSettings = {
				ASSETCATALOG_COMPILER_APPICON_NAME = AppIcon;
				ASSETCATALOG_COMPILER_LAUNCHIMAGE_NAME = LaunchImage;
				FRAMEWORK_SEARCH_PATHS = (
					"$(inherited)",
					"$(PROJECT_DIR)",
				);
				GCC_PRECOMPILE_PREFIX_HEADER = YES;
				GCC_PREFIX_HEADER = "MeetMeUp/MeetMeUp-Prefix.pch";
				INFOPLIST_FILE = "MeetMeUp/MeetMeUp-Info.plist";
				PRODUCT_NAME = "$(TARGET_NAME)";
				WRAPPER_EXTENSION = app;
			};
			name = Debug;
		};
		51A928DB19900284008B1D6D /* Release */ = {
			isa = XCBuildConfiguration;
			buildSettings = {
				ASSETCATALOG_COMPILER_APPICON_NAME = AppIcon;
				ASSETCATALOG_COMPILER_LAUNCHIMAGE_NAME = LaunchImage;
				FRAMEWORK_SEARCH_PATHS = (
					"$(inherited)",
					"$(PROJECT_DIR)",
				);
				GCC_PRECOMPILE_PREFIX_HEADER = YES;
				GCC_PREFIX_HEADER = "MeetMeUp/MeetMeUp-Prefix.pch";
				INFOPLIST_FILE = "MeetMeUp/MeetMeUp-Info.plist";
				PRODUCT_NAME = "$(TARGET_NAME)";
				WRAPPER_EXTENSION = app;
			};
			name = Release;
		};
		51A928DD19900284008B1D6D /* Debug */ = {
			isa = XCBuildConfiguration;
			buildSettings = {
				BUNDLE_LOADER = "$(BUILT_PRODUCTS_DIR)/MeetMeUp.app/MeetMeUp";
				FRAMEWORK_SEARCH_PATHS = (
					"$(SDKROOT)/Developer/Library/Frameworks",
					"$(inherited)",
					"$(DEVELOPER_FRAMEWORKS_DIR)",
				);
				GCC_PRECOMPILE_PREFIX_HEADER = YES;
				GCC_PREFIX_HEADER = "MeetMeUp/MeetMeUp-Prefix.pch";
				GCC_PREPROCESSOR_DEFINITIONS = (
					"DEBUG=1",
					"$(inherited)",
				);
				INFOPLIST_FILE = "MeetMeUpTests/MeetMeUpTests-Info.plist";
				PRODUCT_NAME = "$(TARGET_NAME)";
				TEST_HOST = "$(BUNDLE_LOADER)";
				WRAPPER_EXTENSION = xctest;
			};
			name = Debug;
		};
		51A928DE19900284008B1D6D /* Release */ = {
			isa = XCBuildConfiguration;
			buildSettings = {
				BUNDLE_LOADER = "$(BUILT_PRODUCTS_DIR)/MeetMeUp.app/MeetMeUp";
				FRAMEWORK_SEARCH_PATHS = (
					"$(SDKROOT)/Developer/Library/Frameworks",
					"$(inherited)",
					"$(DEVELOPER_FRAMEWORKS_DIR)",
				);
				GCC_PRECOMPILE_PREFIX_HEADER = YES;
				GCC_PREFIX_HEADER = "MeetMeUp/MeetMeUp-Prefix.pch";
				INFOPLIST_FILE = "MeetMeUpTests/MeetMeUpTests-Info.plist";
				PRODUCT_NAME = "$(TARGET_NAME)";
				TEST_HOST = "$(BUNDLE_LOADER)";
				WRAPPER_EXTENSION = xctest;
			};
			name = Release;
		};
/* End XCBuildConfiguration section */

/* Begin XCConfigurationList section */
		51A928A219900284008B1D6D /* Build configuration list for PBXProject "MeetMeUp" */ = {
			isa = XCConfigurationList;
			buildConfigurations = (
				51A928D719900284008B1D6D /* Debug */,
				51A928D819900284008B1D6D /* Release */,
			);
			defaultConfigurationIsVisible = 0;
			defaultConfigurationName = Release;
		};
		51A928D919900284008B1D6D /* Build configuration list for PBXNativeTarget "MeetMeUp" */ = {
			isa = XCConfigurationList;
			buildConfigurations = (
				51A928DA19900284008B1D6D /* Debug */,
				51A928DB19900284008B1D6D /* Release */,
			);
			defaultConfigurationIsVisible = 0;
			defaultConfigurationName = Release;
		};
		51A928DC19900284008B1D6D /* Build configuration list for PBXNativeTarget "MeetMeUpTests" */ = {
			isa = XCConfigurationList;
			buildConfigurations = (
				51A928DD19900284008B1D6D /* Debug */,
				51A928DE19900284008B1D6D /* Release */,
			);
			defaultConfigurationIsVisible = 0;
			defaultConfigurationName = Release;
		};
/* End XCConfigurationList section */
	};
	rootObject = 51A9289F19900284008B1D6D /* Project object */;
}
